
Microsoft Visual Studio Solution File, Format Version 12.00
# Visual Studio Version 16
VisualStudioVersion = 16.0.809.7
MinimumVisualStudioVersion = 10.0.40219.1
Project("{FAE04EC0-301F-11D3-BF4B-00C04F79EFBC}") = "TechnicalChallengeFrameworkApi", "TechnicalChallengeFrameworkApi\TechnicalChallengeFrameworkApi.csproj", "{47A6D18D-2CDC-4B8B-A63D-84A155E29C34}"
EndProject
Project("{FAE04EC0-301F-11D3-BF4B-00C04F79EFBC}") = "TechnicalChallengeFrameworkApiTest", "TechnicalChallengeFrameworkApiTest\TechnicalChallengeFrameworkApiTest.csproj", "{6EE4A66F-56FA-43FA-83E8-52E7E0E308E5}"
EndProject
Global
	GlobalSection(SolutionConfigurationPlatforms) = preSolution
		Debug|Any CPU = Debug|Any CPU
		Release|Any CPU = Release|Any CPU
	EndGlobalSection
	GlobalSection(ProjectConfigurationPlatforms) = postSolution
		{47A6D18D-2CDC-4B8B-A63D-84A155E29C34}.Debug|Any CPU.ActiveCfg = Debug|Any CPU
		{47A6D18D-2CDC-4B8B-A63D-84A155E29C34}.Debug|Any CPU.Build.0 = Debug|Any CPU
		{47A6D18D-2CDC-4B8B-A63D-84A155E29C34}.Release|Any CPU.ActiveCfg = Release|Any CPU
		{47A6D18D-2CDC-4B8B-A63D-84A155E29C34}.Release|Any CPU.Build.0 = Release|Any CPU
		{6EE4A66F-56FA-43FA-83E8-52E7E0E308E5}.Debug|Any CPU.ActiveCfg = Debug|Any CPU
		{6EE4A66F-56FA-43FA-83E8-52E7E0E308E5}.Debug|Any CPU.Build.0 = Debug|Any CPU
		{6EE4A66F-56FA-43FA-83E8-52E7E0E308E5}.Release|Any CPU.ActiveCfg = Release|Any CPU
		{6EE4A66F-56FA-43FA-83E8-52E7E0E308E5}.Release|Any CPU.Build.0 = Release|Any CPU
	EndGlobalSection
	GlobalSection(SolutionProperties) = preSolution
		HideSolutionNode = FALSE
	EndGlobalSection
	GlobalSection(ExtensibilityGlobals) = postSolution
		SolutionGuid = {29817280-4468-477A-ACB7-EBF0D2E41B9D}
	EndGlobalSection
EndGlobal
